
Microsoft Visual Studio Solution File, Format Version 12.00
# Visual Studio Version 17
VisualStudioVersion = 17.6.33626.354
MinimumVisualStudioVersion = 10.0.40219.1
Project("{FAE04EC0-301F-11D3-BF4B-00C04F79EFBC}") = "MiddlewarePipeline", "MiddlewarePipeline\MiddlewarePipeline.csproj", "{BC9C34ED-8E47-468B-AA54-11812E6E5BFF}"
EndProject
Global
	GlobalSection(SolutionConfigurationPlatforms) = preSolution
		Debug|Any CPU = Debug|Any CPU
		Release|Any CPU = Release|Any CPU
	EndGlobalSection
	GlobalSection(ProjectConfigurationPlatforms) = postSolution
		{BC9C34ED-8E47-468B-AA54-11812E6E5BFF}.Debug|Any CPU.ActiveCfg = Debug|Any CPU
		{BC9C34ED-8E47-468B-AA54-11812E6E5BFF}.Debug|Any CPU.Build.0 = Debug|Any CPU
		{BC9C34ED-8E47-468B-AA54-11812E6E5BFF}.Release|Any CPU.ActiveCfg = Release|Any CPU
		{BC9C34ED-8E47-468B-AA54-11812E6E5BFF}.Release|Any CPU.Build.0 = Release|Any CPU
	EndGlobalSection
	GlobalSection(SolutionProperties) = preSolution
		HideSolutionNode = FALSE
	EndGlobalSection
	GlobalSection(ExtensibilityGlobals) = postSolution
		SolutionGuid = {D2D87547-4B50-4BC0-884C-3BB6840975FC}
	EndGlobalSection
EndGlobal
