
Microsoft Visual Studio Solution File, Format Version 12.00
# Visual Studio Version 17
VisualStudioVersion = 17.8.34511.84
MinimumVisualStudioVersion = 10.0.40219.1
Project("{9A19103F-16F7-4668-BE54-9A1E7A4F7556}") = "CS44.Asp.netIntroduction", "Asp.netIntroduction\CS44.Asp.netIntroduction.csproj", "{D2F45A97-DBFC-40E5-B3BB-4AA3CB5807DB}"
EndProject
Project("{9A19103F-16F7-4668-BE54-9A1E7A4F7556}") = "CS45.MiddlewarePipeline", "MiddlewarePipeline\MiddlewarePipeline\CS45.MiddlewarePipeline.csproj", "{7DF62413-DF24-4E31-B018-A6AC6AE8EF0D}"
EndProject
Global
	GlobalSection(SolutionConfigurationPlatforms) = preSolution
		Debug|Any CPU = Debug|Any CPU
		Release|Any CPU = Release|Any CPU
	EndGlobalSection
	GlobalSection(ProjectConfigurationPlatforms) = postSolution
		{D2F45A97-DBFC-40E5-B3BB-4AA3CB5807DB}.Debug|Any CPU.ActiveCfg = Debug|Any CPU
		{D2F45A97-DBFC-40E5-B3BB-4AA3CB5807DB}.Debug|Any CPU.Build.0 = Debug|Any CPU
		{D2F45A97-DBFC-40E5-B3BB-4AA3CB5807DB}.Release|Any CPU.ActiveCfg = Release|Any CPU
		{D2F45A97-DBFC-40E5-B3BB-4AA3CB5807DB}.Release|Any CPU.Build.0 = Release|Any CPU
		{7DF62413-DF24-4E31-B018-A6AC6AE8EF0D}.Debug|Any CPU.ActiveCfg = Debug|Any CPU
		{7DF62413-DF24-4E31-B018-A6AC6AE8EF0D}.Debug|Any CPU.Build.0 = Debug|Any CPU
		{7DF62413-DF24-4E31-B018-A6AC6AE8EF0D}.Release|Any CPU.ActiveCfg = Release|Any CPU
		{7DF62413-DF24-4E31-B018-A6AC6AE8EF0D}.Release|Any CPU.Build.0 = Release|Any CPU
	EndGlobalSection
	GlobalSection(SolutionProperties) = preSolution
		HideSolutionNode = FALSE
	EndGlobalSection
	GlobalSection(ExtensibilityGlobals) = postSolution
		SolutionGuid = {63B4E9AA-AD84-420D-8398-74792900142E}
	EndGlobalSection
EndGlobal
